
Microsoft Visual Studio Solution File, Format Version 12.00
# Visual Studio Version 16
VisualStudioVersion = 16.0.33529.622
MinimumVisualStudioVersion = 10.0.40219.1
Project("{FAE04EC0-301F-11D3-BF4B-00C04F79EFBC}") = "ColourChanger", "ColourChanger\ColourChanger.csproj", "{1E0535DB-3757-40E6-8561-EAD05FB19C52}"
EndProject
Global
	GlobalSection(SolutionConfigurationPlatforms) = preSolution
		Debug|Any CPU = Debug|Any CPU
		Release|Any CPU = Release|Any CPU
	EndGlobalSection
	GlobalSection(ProjectConfigurationPlatforms) = postSolution
		{1E0535DB-3757-40E6-8561-EAD05FB19C52}.Debug|Any CPU.ActiveCfg = Debug|Any CPU
		{1E0535DB-3757-40E6-8561-EAD05FB19C52}.Debug|Any CPU.Build.0 = Debug|Any CPU
		{1E0535DB-3757-40E6-8561-EAD05FB19C52}.Release|Any CPU.ActiveCfg = Release|Any CPU
		{1E0535DB-3757-40E6-8561-EAD05FB19C52}.Release|Any CPU.Build.0 = Release|Any CPU
	EndGlobalSection
	GlobalSection(SolutionProperties) = preSolution
		HideSolutionNode = FALSE
	EndGlobalSection
	GlobalSection(ExtensibilityGlobals) = postSolution
		SolutionGuid = {CA32D763-2EC6-45BA-B551-DB1404308CA5}
	EndGlobalSection
EndGlobal
